
Microsoft Visual Studio Solution File, Format Version 12.00
# Visual Studio Version 17
VisualStudioVersion = 17.3.32819.101
MinimumVisualStudioVersion = 10.0.40219.1
Project("{FAE04EC0-301F-11D3-BF4B-00C04F79EFBC}") = "JET.API", "JET.API\JET.API.csproj", "{5EADD560-E046-4B27-9B61-E459D30923DF}"
EndProject
Global
	GlobalSection(SolutionConfigurationPlatforms) = preSolution
		Debug|Any CPU = Debug|Any CPU
		Release|Any CPU = Release|Any CPU
	EndGlobalSection
	GlobalSection(ProjectConfigurationPlatforms) = postSolution
		{5EADD560-E046-4B27-9B61-E459D30923DF}.Debug|Any CPU.ActiveCfg = Debug|Any CPU
		{5EADD560-E046-4B27-9B61-E459D30923DF}.Debug|Any CPU.Build.0 = Debug|Any CPU
		{5EADD560-E046-4B27-9B61-E459D30923DF}.Release|Any CPU.ActiveCfg = Release|Any CPU
		{5EADD560-E046-4B27-9B61-E459D30923DF}.Release|Any CPU.Build.0 = Release|Any CPU
	EndGlobalSection
	GlobalSection(SolutionProperties) = preSolution
		HideSolutionNode = FALSE
	EndGlobalSection
	GlobalSection(ExtensibilityGlobals) = postSolution
		SolutionGuid = {C2DBAF90-E3B4-4A62-8740-31BC00EDCD8B}
	EndGlobalSection
EndGlobal
